
Microsoft Visual Studio Solution File, Format Version 11.00
# Visual Studio 2010
Project("{FAE04EC0-301F-11D3-BF4B-00C04F79EFBC}") = "Specifications", "Specifications\Specifications.csproj", "{7E83BD98-F2E9-449C-A557-54E9BA60805A}"
EndProject
Project("{FAE04EC0-301F-11D3-BF4B-00C04F79EFBC}") = "Web", "Web\Web.csproj", "{4C306EF3-FC08-411B-BD40-EE9A9CDD43BA}"
EndProject
Global
	GlobalSection(SolutionConfigurationPlatforms) = preSolution
		Debug|Any CPU = Debug|Any CPU
		Release|Any CPU = Release|Any CPU
	EndGlobalSection
	GlobalSection(ProjectConfigurationPlatforms) = postSolution
		{7E83BD98-F2E9-449C-A557-54E9BA60805A}.Debug|Any CPU.ActiveCfg = Debug|Any CPU
		{7E83BD98-F2E9-449C-A557-54E9BA60805A}.Debug|Any CPU.Build.0 = Debug|Any CPU
		{7E83BD98-F2E9-449C-A557-54E9BA60805A}.Release|Any CPU.ActiveCfg = Release|Any CPU
		{7E83BD98-F2E9-449C-A557-54E9BA60805A}.Release|Any CPU.Build.0 = Release|Any CPU
		{4C306EF3-FC08-411B-BD40-EE9A9CDD43BA}.Debug|Any CPU.ActiveCfg = Debug|Any CPU
		{4C306EF3-FC08-411B-BD40-EE9A9CDD43BA}.Debug|Any CPU.Build.0 = Debug|Any CPU
		{4C306EF3-FC08-411B-BD40-EE9A9CDD43BA}.Release|Any CPU.ActiveCfg = Release|Any CPU
		{4C306EF3-FC08-411B-BD40-EE9A9CDD43BA}.Release|Any CPU.Build.0 = Release|Any CPU
	EndGlobalSection
	GlobalSection(SolutionProperties) = preSolution
		HideSolutionNode = FALSE
	EndGlobalSection
EndGlobal
