
Microsoft Visual Studio Solution File, Format Version 11.00
# Visual Studio 2010
Project("{FAE04EC0-301F-11D3-BF4B-00C04F79EFBC}") = "Solution", "Solution\Solution.csproj", "{45004D54-01AF-4C60-9810-36467A20AEC3}"
EndProject
Project("{FAE04EC0-301F-11D3-BF4B-00C04F79EFBC}") = "Solution.Tests", "Solution.Tests\Solution.Tests.csproj", "{9FBC24A3-7C69-4419-B80A-207D8E057479}"
EndProject
Global
	GlobalSection(SolutionConfigurationPlatforms) = preSolution
		Debug|Any CPU = Debug|Any CPU
		Release|Any CPU = Release|Any CPU
	EndGlobalSection
	GlobalSection(ProjectConfigurationPlatforms) = postSolution
		{45004D54-01AF-4C60-9810-36467A20AEC3}.Debug|Any CPU.ActiveCfg = Debug|Any CPU
		{45004D54-01AF-4C60-9810-36467A20AEC3}.Debug|Any CPU.Build.0 = Debug|Any CPU
		{45004D54-01AF-4C60-9810-36467A20AEC3}.Release|Any CPU.ActiveCfg = Release|Any CPU
		{45004D54-01AF-4C60-9810-36467A20AEC3}.Release|Any CPU.Build.0 = Release|Any CPU
		{9FBC24A3-7C69-4419-B80A-207D8E057479}.Debug|Any CPU.ActiveCfg = Debug|Any CPU
		{9FBC24A3-7C69-4419-B80A-207D8E057479}.Debug|Any CPU.Build.0 = Debug|Any CPU
		{9FBC24A3-7C69-4419-B80A-207D8E057479}.Release|Any CPU.ActiveCfg = Release|Any CPU
		{9FBC24A3-7C69-4419-B80A-207D8E057479}.Release|Any CPU.Build.0 = Release|Any CPU
	EndGlobalSection
	GlobalSection(SolutionProperties) = preSolution
		HideSolutionNode = FALSE
	EndGlobalSection
EndGlobal
